
Microsoft Visual Studio Solution File, Format Version 12.00
# Visual Studio 2013
VisualStudioVersion = 12.0.21005.1
MinimumVisualStudioVersion = 10.0.40219.1
Project("{FAE04EC0-301F-11D3-BF4B-00C04F79EFBC}") = "Test", "Test\Test.csproj", "{FD2C2172-F5BE-4371-96C3-3AE580CA3AA0}"
EndProject
Global
	GlobalSection(SolutionConfigurationPlatforms) = preSolution
		Debug|Any CPU = Debug|Any CPU
		Release|Any CPU = Release|Any CPU
	EndGlobalSection
	GlobalSection(ProjectConfigurationPlatforms) = postSolution
		{FD2C2172-F5BE-4371-96C3-3AE580CA3AA0}.Debug|Any CPU.ActiveCfg = Debug|Any CPU
		{FD2C2172-F5BE-4371-96C3-3AE580CA3AA0}.Debug|Any CPU.Build.0 = Debug|Any CPU
		{FD2C2172-F5BE-4371-96C3-3AE580CA3AA0}.Release|Any CPU.ActiveCfg = Release|Any CPU
		{FD2C2172-F5BE-4371-96C3-3AE580CA3AA0}.Release|Any CPU.Build.0 = Release|Any CPU
	EndGlobalSection
	GlobalSection(SolutionProperties) = preSolution
		HideSolutionNode = FALSE
	EndGlobalSection
EndGlobal
